lockfileVersion: 5.4

specifiers:
  '@vitejs/plugin-vue': ^4.2.2
  typescript: ^5.0.4
  vite: ^4.3.5
  vue: ^3.3.1
  vue-tsc: ^1.6.4

dependencies:
  vue: registry.npmmirror.com/vue/3.3.1

devDependencies:
  '@vitejs/plugin-vue': registry.npmmirror.com/@vitejs/plugin-vue/4.2.2_vite@4.3.5+vue@3.3.1
  typescript: registry.npmmirror.com/typescript/5.0.4
  vite: registry.npmmirror.com/vite/4.3.5
  vue-tsc: registry.npmmirror.com/vue-tsc/1.6.4_typescript@5.0.4

packages:

  registry.npmmirror.com/@babel/helper-string-parser/7.21.5:
    resolution: {integrity: sha512-5pTUx3hAJaZIdW99sJ6ZUUgWq/Y+Hja7TowEnLNMm1VivRgZQL3vpBY3qUACVsvw+yQU6+YgfBVmcbLaZtrA1w==, registry: https://registry.npm.taobao.org/, tarball: https://registry.npmmirror.com/@babel/helper-string-parser/-/helper-string-parser-7.21.5.tgz}
    name: '@babel/helper-string-parser'
    version: 7.21.5
    engines: {node: '>=6.9.0'}

  registry.npmmirror.com/@babel/helper-validator-identifier/7.19.1:
    resolution: {integrity: sha512-awrNfaMtnHUr653GgGEs++LlAvW6w+DcPrOliSMXWCKo597CwL5Acf/wWdNkf/tfEQE3mjkeD1YOVZOUV/od1w==, registry: https://registry.npm.taobao.org/, tarball: https://registry.npmmirror.com/@babel/helper-validator-identifier/-/helper-validator-identifier-7.19.1.tgz}
    name: '@babel/helper-validator-identifier'
    version: 7.19.1
    engines: {node: '>=6.9.0'}

  registry.npmmirror.com/@babel/parser/7.21.8:
    resolution: {integrity: sha512-6zavDGdzG3gUqAdWvlLFfk+36RilI+Pwyuuh7HItyeScCWP3k6i8vKclAQ0bM/0y/Kz/xiwvxhMv9MgTJP5gmA==, registry: https://registry.npm.taobao.org/, tarball: https://registry.npmmirror.com/@babel/parser/-/parser-7.21.8.tgz}
    name: '@babel/parser'
    version: 7.21.8
    engines: {node: '>=6.0.0'}
    hasBin: true
    dependencies:
      '@babel/types': registry.npmmirror.com/@babel/types/7.21.5

  registry.npmmirror.com/@babel/types/7.21.5:
    resolution: {integrity: sha512-m4AfNvVF2mVC/F7fDEdH2El3HzUg9It/XsCxZiOTTA3m3qYfcSVSbTfM6Q9xG+hYDniZssYhlXKKUMD5m8tF4Q==, registry: https://registry.npm.taobao.org/, tarball: https://registry.npmmirror.com/@babel/types/-/types-7.21.5.tgz}
    name: '@babel/types'
    version: 7.21.5
    engines: {node: '>=6.9.0'}
    dependencies:
      '@babel/helper-string-parser': registry.npmmirror.com/@babel/helper-string-parser/7.21.5
      '@babel/helper-validator-identifier': registry.npmmirror.com/@babel/helper-validator-identifier/7.19.1
      to-fast-properties: registry.npmmirror.com/to-fast-properties/2.0.0

  registry.npmmirror.com/@esbuild/android-arm/0.17.18:
    resolution: {integrity: sha512-EmwL+vUBZJ7mhFCs5lA4ZimpUH3WMAoqvOIYhVQwdIgSpHC8ImHdsRyhHAVxpDYUSm0lWvd63z0XH1IlImS2Qw==, registry: https://registry.npm.taobao.org/, tarball: https://registry.npmmirror.com/@esbuild/android-arm/-/android-arm-0.17.18.tgz}
    name: '@esbuild/android-arm'
    version: 0.17.18
    engines: {node: '>=12'}
    cpu: [arm]
    os: [android]
    requiresBuild: true
    dev: true
    optional: true

  registry.npmmirror.com/@esbuild/android-arm64/0.17.18:
    resolution: {integrity: sha512-/iq0aK0eeHgSC3z55ucMAHO05OIqmQehiGay8eP5l/5l+iEr4EIbh4/MI8xD9qRFjqzgkc0JkX0LculNC9mXBw==, registry: https://registry.npm.taobao.org/, tarball: https://registry.npmmirror.com/@esbuild/android-arm64/-/android-arm64-0.17.18.tgz}
    name: '@esbuild/android-arm64'
    version: 0.17.18
    engines: {node: '>=12'}
    cpu: [arm64]
    os: [android]
    requiresBuild: true
    dev: true
    optional: true

  registry.npmmirror.com/@esbuild/android-x64/0.17.18:
    resolution: {integrity: sha512-x+0efYNBF3NPW2Xc5bFOSFW7tTXdAcpfEg2nXmxegm4mJuVeS+i109m/7HMiOQ6M12aVGGFlqJX3RhNdYM2lWg==, registry: https://registry.npm.taobao.org/, tarball: https://registry.npmmirror.com/@esbuild/android-x64/-/android-x64-0.17.18.tgz}
    name: '@esbuild/android-x64'
    version: 0.17.18
    engines: {node: '>=12'}
    cpu: [x64]
    os: [android]
    requiresBuild: true
    dev: true
    optional: true

  registry.npmmirror.com/@esbuild/darwin-arm64/0.17.18:
    resolution: {integrity: sha512-6tY+djEAdF48M1ONWnQb1C+6LiXrKjmqjzPNPWXhu/GzOHTHX2nh8Mo2ZAmBFg0kIodHhciEgUBtcYCAIjGbjQ==, registry: https://registry.npm.taobao.org/, tarball: https://registry.npmmirror.com/@esbuild/darwin-arm64/-/darwin-arm64-0.17.18.tgz}
    name: '@esbuild/darwin-arm64'
    version: 0.17.18
    engines: {node: '>=12'}
    cpu: [arm64]
    os: [darwin]
    requiresBuild: true
    dev: true
    optional: true

  registry.npmmirror.com/@esbuild/darwin-x64/0.17.18:
    resolution: {integrity: sha512-Qq84ykvLvya3dO49wVC9FFCNUfSrQJLbxhoQk/TE1r6MjHo3sFF2tlJCwMjhkBVq3/ahUisj7+EpRSz0/+8+9A==, registry: https://registry.npm.taobao.org/, tarball: https://registry.npmmirror.com/@esbuild/darwin-x64/-/darwin-x64-0.17.18.tgz}
    name: '@esbuild/darwin-x64'
    version: 0.17.18
    engines: {node: '>=12'}
    cpu: [x64]
    os: [darwin]
    requiresBuild: true
    dev: true
    optional: true

  registry.npmmirror.com/@esbuild/freebsd-arm64/0.17.18:
    resolution: {integrity: sha512-fw/ZfxfAzuHfaQeMDhbzxp9mc+mHn1Y94VDHFHjGvt2Uxl10mT4CDavHm+/L9KG441t1QdABqkVYwakMUeyLRA==, registry: https://registry.npm.taobao.org/, tarball: https://registry.npmmirror.com/@esbuild/freebsd-arm64/-/freebsd-arm64-0.17.18.tgz}
    name: '@esbuild/freebsd-arm64'
    version: 0.17.18
    engines: {node: '>=12'}
    cpu: [arm64]
    os: [freebsd]
    requiresBuild: true
    dev: true
    optional: true

  registry.npmmirror.com/@esbuild/freebsd-x64/0.17.18:
    resolution: {integrity: sha512-FQFbRtTaEi8ZBi/A6kxOC0V0E9B/97vPdYjY9NdawyLd4Qk5VD5g2pbWN2VR1c0xhzcJm74HWpObPszWC+qTew==, registry: https://registry.npm.taobao.org/, tarball: https://registry.npmmirror.com/@esbuild/freebsd-x64/-/freebsd-x64-0.17.18.tgz}
    name: '@esbuild/freebsd-x64'
    version: 0.17.18
    engines: {node: '>=12'}
    cpu: [x64]
    os: [freebsd]
    requiresBuild: true
    dev: true
    optional: true

  registry.npmmirror.com/@esbuild/linux-arm/0.17.18:
    resolution: {integrity: sha512-jW+UCM40LzHcouIaqv3e/oRs0JM76JfhHjCavPxMUti7VAPh8CaGSlS7cmyrdpzSk7A+8f0hiedHqr/LMnfijg==, registry: https://registry.npm.taobao.org/, tarball: https://registry.npmmirror.com/@esbuild/linux-arm/-/linux-arm-0.17.18.tgz}
    name: '@esbuild/linux-arm'
    version: 0.17.18
    engines: {node: '>=12'}
    cpu: [arm]
    os: [linux]
    requiresBuild: true
    dev: true
    optional: true

  registry.npmmirror.com/@esbuild/linux-arm64/0.17.18:
    resolution: {integrity: sha512-R7pZvQZFOY2sxUG8P6A21eq6q+eBv7JPQYIybHVf1XkQYC+lT7nDBdC7wWKTrbvMXKRaGudp/dzZCwL/863mZQ==, registry: https://registry.npm.taobao.org/, tarball: https://registry.npmmirror.com/@esbuild/linux-arm64/-/linux-arm64-0.17.18.tgz}
    name: '@esbuild/linux-arm64'
    version: 0.17.18
    engines: {node: '>=12'}
    cpu: [arm64]
    os: [linux]
    requiresBuild: true
    dev: true
    optional: true

  registry.npmmirror.com/@esbuild/linux-ia32/0.17.18:
    resolution: {integrity: sha512-ygIMc3I7wxgXIxk6j3V00VlABIjq260i967Cp9BNAk5pOOpIXmd1RFQJQX9Io7KRsthDrQYrtcx7QCof4o3ZoQ==, registry: https://registry.npm.taobao.org/, tarball: https://registry.npmmirror.com/@esbuild/linux-ia32/-/linux-ia32-0.17.18.tgz}
    name: '@esbuild/linux-ia32'
    version: 0.17.18
    engines: {node: '>=12'}
    cpu: [ia32]
    os: [linux]
    requiresBuild: true
    dev: true
    optional: true

  registry.npmmirror.com/@esbuild/linux-loong64/0.17.18:
    resolution: {integrity: sha512-bvPG+MyFs5ZlwYclCG1D744oHk1Pv7j8psF5TfYx7otCVmcJsEXgFEhQkbhNW8otDHL1a2KDINW20cfCgnzgMQ==, registry: https://registry.npm.taobao.org/, tarball: https://registry.npmmirror.com/@esbuild/linux-loong64/-/linux-loong64-0.17.18.tgz}
    name: '@esbuild/linux-loong64'
    version: 0.17.18
    engines: {node: '>=12'}
    cpu: [loong64]
    os: [linux]
    requiresBuild: true
    dev: true
    optional: true

  registry.npmmirror.com/@esbuild/linux-mips64el/0.17.18:
    resolution: {integrity: sha512-oVqckATOAGuiUOa6wr8TXaVPSa+6IwVJrGidmNZS1cZVx0HqkTMkqFGD2HIx9H1RvOwFeWYdaYbdY6B89KUMxA==, registry: https://registry.npm.taobao.org/, tarball: https://registry.npmmirror.com/@esbuild/linux-mips64el/-/linux-mips64el-0.17.18.tgz}
    name: '@esbuild/linux-mips64el'
    version: 0.17.18
    engines: {node: '>=12'}
    cpu: [mips64el]
    os: [linux]
    requiresBuild: true
    dev: true
    optional: true

  registry.npmmirror.com/@esbuild/linux-ppc64/0.17.18:
    resolution: {integrity: sha512-3dLlQO+b/LnQNxgH4l9rqa2/IwRJVN9u/bK63FhOPB4xqiRqlQAU0qDU3JJuf0BmaH0yytTBdoSBHrb2jqc5qQ==, registry: https://registry.npm.taobao.org/, tarball: https://registry.npmmirror.com/@esbuild/linux-ppc64/-/linux-ppc64-0.17.18.tgz}
    name: '@esbuild/linux-ppc64'
    version: 0.17.18
    engines: {node: '>=12'}
    cpu: [ppc64]
    os: [linux]
    requiresBuild: true
    dev: true
    optional: true

  registry.npmmirror.com/@esbuild/linux-riscv64/0.17.18:
    resolution: {integrity: sha512-/x7leOyDPjZV3TcsdfrSI107zItVnsX1q2nho7hbbQoKnmoeUWjs+08rKKt4AUXju7+3aRZSsKrJtaRmsdL1xA==, registry: https://registry.npm.taobao.org/, tarball: https://registry.npmmirror.com/@esbuild/linux-riscv64/-/linux-riscv64-0.17.18.tgz}
    name: '@esbuild/linux-riscv64'
    version: 0.17.18
    engines: {node: '>=12'}
    cpu: [riscv64]
    os: [linux]
    requiresBuild: true
    dev: true
    optional: true

  registry.npmmirror.com/@esbuild/linux-s390x/0.17.18:
    resolution: {integrity: sha512-cX0I8Q9xQkL/6F5zWdYmVf5JSQt+ZfZD2bJudZrWD+4mnUvoZ3TDDXtDX2mUaq6upMFv9FlfIh4Gfun0tbGzuw==, registry: https://registry.npm.taobao.org/, tarball: https://registry.npmmirror.com/@esbuild/linux-s390x/-/linux-s390x-0.17.18.tgz}
    name: '@esbuild/linux-s390x'
    version: 0.17.18
    engines: {node: '>=12'}
    cpu: [s390x]
    os: [linux]
    requiresBuild: true
    dev: true
    optional: true

  registry.npmmirror.com/@esbuild/linux-x64/0.17.18:
    resolution: {integrity: sha512-66RmRsPlYy4jFl0vG80GcNRdirx4nVWAzJmXkevgphP1qf4dsLQCpSKGM3DUQCojwU1hnepI63gNZdrr02wHUA==, registry: https://registry.npm.taobao.org/, tarball: https://registry.npmmirror.com/@esbuild/linux-x64/-/linux-x64-0.17.18.tgz}
    name: '@esbuild/linux-x64'
    version: 0.17.18
    engines: {node: '>=12'}
    cpu: [x64]
    os: [linux]
    requiresBuild: true
    dev: true
    optional: true

  registry.npmmirror.com/@esbuild/netbsd-x64/0.17.18:
    resolution: {integrity: sha512-95IRY7mI2yrkLlTLb1gpDxdC5WLC5mZDi+kA9dmM5XAGxCME0F8i4bYH4jZreaJ6lIZ0B8hTrweqG1fUyW7jbg==, registry: https://registry.npm.taobao.org/, tarball: https://registry.npmmirror.com/@esbuild/netbsd-x64/-/netbsd-x64-0.17.18.tgz}
    name: '@esbuild/netbsd-x64'
    version: 0.17.18
    engines: {node: '>=12'}
    cpu: [x64]
    os: [netbsd]
    requiresBuild: true
    dev: true
    optional: true

  registry.npmmirror.com/@esbuild/openbsd-x64/0.17.18:
    resolution: {integrity: sha512-WevVOgcng+8hSZ4Q3BKL3n1xTv5H6Nb53cBrtzzEjDbbnOmucEVcZeGCsCOi9bAOcDYEeBZbD2SJNBxlfP3qiA==, registry: https://registry.npm.taobao.org/, tarball: https://registry.npmmirror.com/@esbuild/openbsd-x64/-/openbsd-x64-0.17.18.tgz}
    name: '@esbuild/openbsd-x64'
    version: 0.17.18
    engines: {node: '>=12'}
    cpu: [x64]
    os: [openbsd]
    requiresBuild: true
    dev: true
    optional: true

  registry.npmmirror.com/@esbuild/sunos-x64/0.17.18:
    resolution: {integrity: sha512-Rzf4QfQagnwhQXVBS3BYUlxmEbcV7MY+BH5vfDZekU5eYpcffHSyjU8T0xucKVuOcdCsMo+Ur5wmgQJH2GfNrg==, registry: https://registry.npm.taobao.org/, tarball: https://registry.npmmirror.com/@esbuild/sunos-x64/-/sunos-x64-0.17.18.tgz}
    name: '@esbuild/sunos-x64'
    version: 0.17.18
    engines: {node: '>=12'}
    cpu: [x64]
    os: [sunos]
    requiresBuild: true
    dev: true
    optional: true

  registry.npmmirror.com/@esbuild/win32-arm64/0.17.18:
    resolution: {integrity: sha512-Kb3Ko/KKaWhjeAm2YoT/cNZaHaD1Yk/pa3FTsmqo9uFh1D1Rfco7BBLIPdDOozrObj2sahslFuAQGvWbgWldAg==, registry: https://registry.npm.taobao.org/, tarball: https://registry.npmmirror.com/@esbuild/win32-arm64/-/win32-arm64-0.17.18.tgz}
    name: '@esbuild/win32-arm64'
    version: 0.17.18
    engines: {node: '>=12'}
    cpu: [arm64]
    os: [win32]
    requiresBuild: true
    dev: true
    optional: true

  registry.npmmirror.com/@esbuild/win32-ia32/0.17.18:
    resolution: {integrity: sha512-0/xUMIdkVHwkvxfbd5+lfG7mHOf2FRrxNbPiKWg9C4fFrB8H0guClmaM3BFiRUYrznVoyxTIyC/Ou2B7QQSwmw==, registry: https://registry.npm.taobao.org/, tarball: https://registry.npmmirror.com/@esbuild/win32-ia32/-/win32-ia32-0.17.18.tgz}
    name: '@esbuild/win32-ia32'
    version: 0.17.18
    engines: {node: '>=12'}
    cpu: [ia32]
    os: [win32]
    requiresBuild: true
    dev: true
    optional: true

  registry.npmmirror.com/@esbuild/win32-x64/0.17.18:
    resolution: {integrity: sha512-qU25Ma1I3NqTSHJUOKi9sAH1/Mzuvlke0ioMJRthLXKm7JiSKVwFghlGbDLOO2sARECGhja4xYfRAZNPAkooYg==, registry: https://registry.npm.taobao.org/, tarball: https://registry.npmmirror.com/@esbuild/win32-x64/-/win32-x64-0.17.18.tgz}
    name: '@esbuild/win32-x64'
    version: 0.17.18
    engines: {node: '>=12'}
    cpu: [x64]
    os: [win32]
    requiresBuild: true
    dev: true
    optional: true

  registry.npmmirror.com/@jridgewell/sourcemap-codec/1.4.15:
    resolution: {integrity: sha512-eF2rxCRulEKXHTRiDrDy6erMYWqNw4LPdQ8UQA4huuxaQsVeRPFl2oM8oDGxMFhJUWZf9McpLtJasDDZb/Bpeg==, registry: https://registry.npm.taobao.org/, tarball: https://registry.npmmirror.com/@jridgewell/sourcemap-codec/-/sourcemap-codec-1.4.15.tgz}
    name: '@jridgewell/sourcemap-codec'
    version: 1.4.15

  registry.npmmirror.com/@vitejs/plugin-vue/4.2.2_vite@4.3.5+vue@3.3.1:
    resolution: {integrity: sha512-kNH4wMAqs13UiZe/2If1ioO0Mjz71rr2oALTl2c5ajBIox9Vz/UGW/wGkr7GA3SC6Eb29c1HtzAtxdGfbXAkfQ==, registry: https://registry.npm.taobao.org/, tarball: https://registry.npmmirror.com/@vitejs/plugin-vue/-/plugin-vue-4.2.2.tgz}
    id: registry.npmmirror.com/@vitejs/plugin-vue/4.2.2
    name: '@vitejs/plugin-vue'
    version: 4.2.2
    engines: {node: ^14.18.0 || >=16.0.0}
    peerDependencies:
      vite: ^4.0.0
      vue: ^3.2.25
    dependencies:
      vite: registry.npmmirror.com/vite/4.3.5
      vue: registry.npmmirror.com/vue/3.3.1
    dev: true

  registry.npmmirror.com/@volar/language-core/1.4.1:
    resolution: {integrity: sha512-EIY+Swv+TjsWpxOxujjMf1ZXqOjg9MT2VMXZ+1dKva0wD8W0L6EtptFFcCJdBbcKmGMFkr57Qzz9VNMWhs3jXQ==, registry: https://registry.npm.taobao.org/, tarball: https://registry.npmmirror.com/@volar/language-core/-/language-core-1.4.1.tgz}
    name: '@volar/language-core'
    version: 1.4.1
    dependencies:
      '@volar/source-map': registry.npmmirror.com/@volar/source-map/1.4.1
    dev: true

  registry.npmmirror.com/@volar/source-map/1.4.1:
    resolution: {integrity: sha512-bZ46ad72dsbzuOWPUtJjBXkzSQzzSejuR3CT81+GvTEI2E994D8JPXzM3tl98zyCNnjgs4OkRyliImL1dvJ5BA==, registry: https://registry.npm.taobao.org/, tarball: https://registry.npmmirror.com/@volar/source-map/-/source-map-1.4.1.tgz}
    name: '@volar/source-map'
    version: 1.4.1
    dependencies:
      muggle-string: registry.npmmirror.com/muggle-string/0.2.2
    dev: true

  registry.npmmirror.com/@volar/typescript/1.4.1_typescript@5.0.4:
    resolution: {integrity: sha512-phTy6p9yG6bgMIKQWEeDOi/aeT0njZsb1a/G1mrEuDsLmAn24Le4gDwSsGNhea6Uhu+3gdpUZn2PmZXa+WG2iQ==, registry: https://registry.npm.taobao.org/, tarball: https://registry.npmmirror.com/@volar/typescript/-/typescript-1.4.1.tgz}
    id: registry.npmmirror.com/@volar/typescript/1.4.1
    name: '@volar/typescript'
    version: 1.4.1
    peerDependencies:
      typescript: '*'
    dependencies:
      '@volar/language-core': registry.npmmirror.com/@volar/language-core/1.4.1
      typescript: registry.npmmirror.com/typescript/5.0.4
    dev: true

  registry.npmmirror.com/@volar/vue-language-core/1.6.4:
    resolution: {integrity: sha512-1o+cAtN2DIDNAX/HS8rkjZc8wTMTK+zCab/qtYbvEVlmokhZiDrQeoD9/l0Ug7YCNg+mVuMNHKNBY7pX8U2/Jw==, registry: https://registry.npm.taobao.org/, tarball: https://registry.npmmirror.com/@volar/vue-language-core/-/vue-language-core-1.6.4.tgz}
    name: '@volar/vue-language-core'
    version: 1.6.4
    dependencies:
      '@volar/language-core': registry.npmmirror.com/@volar/language-core/1.4.1
      '@volar/source-map': registry.npmmirror.com/@volar/source-map/1.4.1
      '@vue/compiler-dom': registry.npmmirror.com/@vue/compiler-dom/3.3.1
      '@vue/compiler-sfc': registry.npmmirror.com/@vue/compiler-sfc/3.3.1
      '@vue/reactivity': registry.npmmirror.com/@vue/reactivity/3.3.1
      '@vue/shared': registry.npmmirror.com/@vue/shared/3.3.1
      minimatch: registry.npmmirror.com/minimatch/9.0.0
      muggle-string: registry.npmmirror.com/muggle-string/0.2.2
      vue-template-compiler: registry.npmmirror.com/vue-template-compiler/2.7.14
    dev: true

  registry.npmmirror.com/@volar/vue-typescript/1.6.4_typescript@5.0.4:
    resolution: {integrity: sha512-qKwgP0KVQR/aaH/SN3AP7RB8NnXPWDn3tjyXP6IT6etxkDeZLBLsXWUD9KMak/RvV1DgbXDuz4F9yuZlbt29rA==, registry: https://registry.npm.taobao.org/, tarball: https://registry.npmmirror.com/@volar/vue-typescript/-/vue-typescript-1.6.4.tgz}
    id: registry.npmmirror.com/@volar/vue-typescript/1.6.4
    name: '@volar/vue-typescript'
    version: 1.6.4
    peerDependencies:
      typescript: '*'
    dependencies:
      '@volar/typescript': registry.npmmirror.com/@volar/typescript/1.4.1_typescript@5.0.4
      '@volar/vue-language-core': registry.npmmirror.com/@volar/vue-language-core/1.6.4
      typescript: registry.npmmirror.com/typescript/5.0.4
    dev: true

  registry.npmmirror.com/@vue/compiler-core/3.3.1:
    resolution: {integrity: sha512-5le1qYSBgLWg2jdLrbydlhnPJkkzMw46UrRUvTnOKlfg6pThtm9ohhqBhNPHbr0RcM1MCbK5WZe/3Ghz0SZjpQ==, registry: https://registry.npm.taobao.org/, tarball: https://registry.npmmirror.com/@vue/compiler-core/-/compiler-core-3.3.1.tgz}
    name: '@vue/compiler-core'
    version: 3.3.1
    dependencies:
      '@babel/parser': registry.npmmirror.com/@babel/parser/7.21.8
      '@vue/shared': registry.npmmirror.com/@vue/shared/3.3.1
      estree-walker: registry.npmmirror.com/estree-walker/2.0.2
      source-map-js: registry.npmmirror.com/source-map-js/1.0.2

  registry.npmmirror.com/@vue/compiler-dom/3.3.1:
    resolution: {integrity: sha512-VmgIsoLivCft3+oNc5KM7b9wd0nZxP/g2qilMwi1hJyGA624KWnNKHn4hzBQs4FpzydUVpNy+TWVT8KiRCh3MQ==, registry: https://registry.npm.taobao.org/, tarball: https://registry.npmmirror.com/@vue/compiler-dom/-/compiler-dom-3.3.1.tgz}
    name: '@vue/compiler-dom'
    version: 3.3.1
    dependencies:
      '@vue/compiler-core': registry.npmmirror.com/@vue/compiler-core/3.3.1
      '@vue/shared': registry.npmmirror.com/@vue/shared/3.3.1

  registry.npmmirror.com/@vue/compiler-sfc/3.3.1:
    resolution: {integrity: sha512-G+FPwBbXSLaA4+Ry5/bdD9Oda+sRslQcE9o6JSZaougRiT4OjVL0vtkbQHPrGRTULZV28OcrAjRfSZOSB0OTXQ==, registry: https://registry.npm.taobao.org/, tarball: https://registry.npmmirror.com/@vue/compiler-sfc/-/compiler-sfc-3.3.1.tgz}
    name: '@vue/compiler-sfc'
    version: 3.3.1
    dependencies:
      '@babel/parser': registry.npmmirror.com/@babel/parser/7.21.8
      '@vue/compiler-core': registry.npmmirror.com/@vue/compiler-core/3.3.1
      '@vue/compiler-dom': registry.npmmirror.com/@vue/compiler-dom/3.3.1
      '@vue/compiler-ssr': registry.npmmirror.com/@vue/compiler-ssr/3.3.1
      '@vue/reactivity-transform': registry.npmmirror.com/@vue/reactivity-transform/3.3.1
      '@vue/shared': registry.npmmirror.com/@vue/shared/3.3.1
      estree-walker: registry.npmmirror.com/estree-walker/2.0.2
      magic-string: registry.npmmirror.com/magic-string/0.30.0
      postcss: registry.npmmirror.com/postcss/8.4.23
      source-map-js: registry.npmmirror.com/source-map-js/1.0.2

  registry.npmmirror.com/@vue/compiler-ssr/3.3.1:
    resolution: {integrity: sha512-QOQWGNCWuSeyKx4KvWSJlnIMGg+/2oCHgkFUYo7aJ+9Uaaz45yRgKQ+FNigy50NYBQIhpXn2e4OSR8GXh4knrQ==, registry: https://registry.npm.taobao.org/, tarball: https://registry.npmmirror.com/@vue/compiler-ssr/-/compiler-ssr-3.3.1.tgz}
    name: '@vue/compiler-ssr'
    version: 3.3.1
    dependencies:
      '@vue/compiler-dom': registry.npmmirror.com/@vue/compiler-dom/3.3.1
      '@vue/shared': registry.npmmirror.com/@vue/shared/3.3.1

  registry.npmmirror.com/@vue/reactivity-transform/3.3.1:
    resolution: {integrity: sha512-MkOrJauAGH4MNdxGW/PmrDegMyOGX0wGIdKUZJRBXOTpotDONg7/TPJe2QeGeBCow/5v9iOqZOWCfvmOWIaDMg==, registry: https://registry.npm.taobao.org/, tarball: https://registry.npmmirror.com/@vue/reactivity-transform/-/reactivity-transform-3.3.1.tgz}
    name: '@vue/reactivity-transform'
    version: 3.3.1
    dependencies:
      '@babel/parser': registry.npmmirror.com/@babel/parser/7.21.8
      '@vue/compiler-core': registry.npmmirror.com/@vue/compiler-core/3.3.1
      '@vue/shared': registry.npmmirror.com/@vue/shared/3.3.1
      estree-walker: registry.npmmirror.com/estree-walker/2.0.2
      magic-string: registry.npmmirror.com/magic-string/0.30.0

  registry.npmmirror.com/@vue/reactivity/3.3.1:
    resolution: {integrity: sha512-zCfmazOtyUdC1NS/EPiSYJ4RqojqmTAviJyBbyVvY8zAv5NhK44Yfw0E1tt+m5vz0ZO1ptI9jDKBr3MWIEkpgw==, registry: https://registry.npm.taobao.org/, tarball: https://registry.npmmirror.com/@vue/reactivity/-/reactivity-3.3.1.tgz}
    name: '@vue/reactivity'
    version: 3.3.1
    dependencies:
      '@vue/shared': registry.npmmirror.com/@vue/shared/3.3.1

  registry.npmmirror.com/@vue/runtime-core/3.3.1:
    resolution: {integrity: sha512-Ljb37LYafhQqKIasc0r32Cva8gIh6VeSMjlwO6V03tCjHd18gmjP0F4UD+8/a59sGTysAgA8Rb9lIC2DVxRz2Q==, registry: https://registry.npm.taobao.org/, tarball: https://registry.npmmirror.com/@vue/runtime-core/-/runtime-core-3.3.1.tgz}
    name: '@vue/runtime-core'
    version: 3.3.1
    dependencies:
      '@vue/reactivity': registry.npmmirror.com/@vue/reactivity/3.3.1
      '@vue/shared': registry.npmmirror.com/@vue/shared/3.3.1

  registry.npmmirror.com/@vue/runtime-dom/3.3.1:
    resolution: {integrity: sha512-NBjYbQPtMklb7lsJsM2Juv5Ygry6mvZP7PdH1GZqrzfLkvlplQT3qCtQMd/sib6yiy8t9m/Y4hVU7X9nzb9Oeg==, registry: https://registry.npm.taobao.org/, tarball: https://registry.npmmirror.com/@vue/runtime-dom/-/runtime-dom-3.3.1.tgz}
    name: '@vue/runtime-dom'
    version: 3.3.1
    dependencies:
      '@vue/runtime-core': registry.npmmirror.com/@vue/runtime-core/3.3.1
      '@vue/shared': registry.npmmirror.com/@vue/shared/3.3.1
      csstype: registry.npmmirror.com/csstype/3.1.2

  registry.npmmirror.com/@vue/server-renderer/3.3.1_vue@3.3.1:
    resolution: {integrity: sha512-sod8ggOwbkQXw3lBjfzrbdxRS9lw/lNHoMaXghHawNYowf+4WoaLWD5ouz6fPZadUqNKAsqK95p8DYb1vcVfPA==, registry: https://registry.npm.taobao.org/, tarball: https://registry.npmmirror.com/@vue/server-renderer/-/server-renderer-3.3.1.tgz}
    id: registry.npmmirror.com/@vue/server-renderer/3.3.1
    name: '@vue/server-renderer'
    version: 3.3.1
    peerDependencies:
      vue: 3.3.1
    dependencies:
      '@vue/compiler-ssr': registry.npmmirror.com/@vue/compiler-ssr/3.3.1
      '@vue/shared': registry.npmmirror.com/@vue/shared/3.3.1
      vue: registry.npmmirror.com/vue/3.3.1

  registry.npmmirror.com/@vue/shared/3.3.1:
    resolution: {integrity: sha512-ybDBtQ+479HL/bkeIOIAwgpeAEACzztkvulJLbK3JMFuTOv4qDivmV3AIsR8RHYJ+RD9tQxcHWBsX4GqEcYrfw==, registry: https://registry.npm.taobao.org/, tarball: https://registry.npmmirror.com/@vue/shared/-/shared-3.3.1.tgz}
    name: '@vue/shared'
    version: 3.3.1

  registry.npmmirror.com/balanced-match/1.0.2:
    resolution: {integrity: sha512-3oSeUO0TMV67hN1AmbXsK4yaqU7tjiHlbxRDZOpH0KW9+CeX4bRAaX0Anxt0tx2MrpRpWwQaPwIlISEJhYU5Pw==, registry: https://registry.npm.taobao.org/, tarball: https://registry.npmmirror.com/balanced-match/-/balanced-match-1.0.2.tgz}
    name: balanced-match
    version: 1.0.2
    dev: true

  registry.npmmirror.com/brace-expansion/2.0.1:
    resolution: {integrity: sha512-XnAIvQ8eM+kC6aULx6wuQiwVsnzsi9d3WxzV3FpWTGA19F621kwdbsAcFKXgKUHZWsy+mY6iL1sHTxWEFCytDA==, registry: https://registry.npm.taobao.org/, tarball: https://registry.npmmirror.com/brace-expansion/-/brace-expansion-2.0.1.tgz}
    name: brace-expansion
    version: 2.0.1
    dependencies:
      balanced-match: registry.npmmirror.com/balanced-match/1.0.2
    dev: true

  registry.npmmirror.com/csstype/3.1.2:
    resolution: {integrity: sha512-I7K1Uu0MBPzaFKg4nI5Q7Vs2t+3gWWW648spaF+Rg7pI9ds18Ugn+lvg4SHczUdKlHI5LWBXyqfS8+DufyBsgQ==, registry: https://registry.npm.taobao.org/, tarball: https://registry.npmmirror.com/csstype/-/csstype-3.1.2.tgz}
    name: csstype
    version: 3.1.2

  registry.npmmirror.com/de-indent/1.0.2:
    resolution: {integrity: sha512-e/1zu3xH5MQryN2zdVaF0OrdNLUbvWxzMbi+iNA6Bky7l1RoP8a2fIbRocyHclXt/arDrrR6lL3TqFD9pMQTsg==, registry: https://registry.npm.taobao.org/, tarball: https://registry.npmmirror.com/de-indent/-/de-indent-1.0.2.tgz}
    name: de-indent
    version: 1.0.2
    dev: true

  registry.npmmirror.com/esbuild/0.17.18:
    resolution: {integrity: sha512-z1lix43jBs6UKjcZVKOw2xx69ffE2aG0PygLL5qJ9OS/gy0Ewd1gW/PUQIOIQGXBHWNywSc0floSKoMFF8aK2w==, registry: https://registry.npm.taobao.org/, tarball: https://registry.npmmirror.com/esbuild/-/esbuild-0.17.18.tgz}
    name: esbuild
    version: 0.17.18
    engines: {node: '>=12'}
    hasBin: true
    requiresBuild: true
    optionalDependencies:
      '@esbuild/android-arm': registry.npmmirror.com/@esbuild/android-arm/0.17.18
      '@esbuild/android-arm64': registry.npmmirror.com/@esbuild/android-arm64/0.17.18
      '@esbuild/android-x64': registry.npmmirror.com/@esbuild/android-x64/0.17.18
      '@esbuild/darwin-arm64': registry.npmmirror.com/@esbuild/darwin-arm64/0.17.18
      '@esbuild/darwin-x64': registry.npmmirror.com/@esbuild/darwin-x64/0.17.18
      '@esbuild/freebsd-arm64': registry.npmmirror.com/@esbuild/freebsd-arm64/0.17.18
      '@esbuild/freebsd-x64': registry.npmmirror.com/@esbuild/freebsd-x64/0.17.18
      '@esbuild/linux-arm': registry.npmmirror.com/@esbuild/linux-arm/0.17.18
      '@esbuild/linux-arm64': registry.npmmirror.com/@esbuild/linux-arm64/0.17.18
      '@esbuild/linux-ia32': registry.npmmirror.com/@esbuild/linux-ia32/0.17.18
      '@esbuild/linux-loong64': registry.npmmirror.com/@esbuild/linux-loong64/0.17.18
      '@esbuild/linux-mips64el': registry.npmmirror.com/@esbuild/linux-mips64el/0.17.18
      '@esbuild/linux-ppc64': registry.npmmirror.com/@esbuild/linux-ppc64/0.17.18
      '@esbuild/linux-riscv64': registry.npmmirror.com/@esbuild/linux-riscv64/0.17.18
      '@esbuild/linux-s390x': registry.npmmirror.com/@esbuild/linux-s390x/0.17.18
      '@esbuild/linux-x64': registry.npmmirror.com/@esbuild/linux-x64/0.17.18
      '@esbuild/netbsd-x64': registry.npmmirror.com/@esbuild/netbsd-x64/0.17.18
      '@esbuild/openbsd-x64': registry.npmmirror.com/@esbuild/openbsd-x64/0.17.18
      '@esbuild/sunos-x64': registry.npmmirror.com/@esbuild/sunos-x64/0.17.18
      '@esbuild/win32-arm64': registry.npmmirror.com/@esbuild/win32-arm64/0.17.18
      '@esbuild/win32-ia32': registry.npmmirror.com/@esbuild/win32-ia32/0.17.18
      '@esbuild/win32-x64': registry.npmmirror.com/@esbuild/win32-x64/0.17.18
    dev: true

  registry.npmmirror.com/estree-walker/2.0.2:
    resolution: {integrity: sha512-Rfkk/Mp/DL7JVje3u18FxFujQlTNR2q6QfMSMB7AvCBx91NGj/ba3kCfza0f6dVDbw7YlRf/nDrn7pQrCCyQ/w==, registry: https://registry.npm.taobao.org/, tarball: https://registry.npmmirror.com/estree-walker/-/estree-walker-2.0.2.tgz}
    name: estree-walker
    version: 2.0.2

  registry.npmmirror.com/fsevents/2.3.2:
    resolution: {integrity: sha512-xiqMQR4xAeHTuB9uWm+fFRcIOgKBMiOBP+eXiyT7jsgVCq1bkVygt00oASowB7EdtpOHaaPgKt812P9ab+DDKA==, registry: https://registry.npm.taobao.org/, tarball: https://registry.npmmirror.com/fsevents/-/fsevents-2.3.2.tgz}
    name: fsevents
    version: 2.3.2
    engines: {node: ^8.16.0 || ^10.6.0 || >=11.0.0}
    os: [darwin]
    requiresBuild: true
    dev: true
    optional: true

  registry.npmmirror.com/he/1.2.0:
    resolution: {integrity: sha512-F/1DnUGPopORZi0ni+CvrCgHQ5FyEAHRLSApuYWMmrbSwoN2Mn/7k+Gl38gJnR7yyDZk6WLXwiGod1JOWNDKGw==, registry: https://registry.npm.taobao.org/, tarball: https://registry.npmmirror.com/he/-/he-1.2.0.tgz}
    name: he
    version: 1.2.0
    hasBin: true
    dev: true

  registry.npmmirror.com/lru-cache/6.0.0:
    resolution: {integrity: sha512-Jo6dJ04CmSjuznwJSS3pUeWmd/H0ffTlkXXgwZi+eq1UCmqQwCh+eLsYOYCwY991i2Fah4h1BEMCx4qThGbsiA==, registry: https://registry.npm.taobao.org/, tarball: https://registry.npmmirror.com/lru-cache/-/lru-cache-6.0.0.tgz}
    name: lru-cache
    version: 6.0.0
    engines: {node: '>=10'}
    dependencies:
      yallist: registry.npmmirror.com/yallist/4.0.0
    dev: true

  registry.npmmirror.com/magic-string/0.30.0:
    resolution: {integrity: sha512-LA+31JYDJLs82r2ScLrlz1GjSgu66ZV518eyWT+S8VhyQn/JL0u9MeBOvQMGYiPk1DBiSN9DDMOcXvigJZaViQ==, registry: https://registry.npm.taobao.org/, tarball: https://registry.npmmirror.com/magic-string/-/magic-string-0.30.0.tgz}
    name: magic-string
    version: 0.30.0
    engines: {node: '>=12'}
    dependencies:
      '@jridgewell/sourcemap-codec': registry.npmmirror.com/@jridgewell/sourcemap-codec/1.4.15

  registry.npmmirror.com/minimatch/9.0.0:
    resolution: {integrity: sha512-0jJj8AvgKqWN05mrwuqi8QYKx1WmYSUoKSxu5Qhs9prezTz10sxAHGNZe9J9cqIJzta8DWsleh2KaVaLl6Ru2w==, registry: https://registry.npm.taobao.org/, tarball: https://registry.npmmirror.com/minimatch/-/minimatch-9.0.0.tgz}
    name: minimatch
    version: 9.0.0
    engines: {node: '>=16 || 14 >=14.17'}
    dependencies:
      brace-expansion: registry.npmmirror.com/brace-expansion/2.0.1
    dev: true

  registry.npmmirror.com/muggle-string/0.2.2:
    resolution: {integrity: sha512-YVE1mIJ4VpUMqZObFndk9CJu6DBJR/GB13p3tXuNbwD4XExaI5EOuRl6BHeIDxIqXZVxSfAC+y6U1Z/IxCfKUg==, registry: https://registry.npm.taobao.org/, tarball: https://registry.npmmirror.com/muggle-string/-/muggle-string-0.2.2.tgz}
    name: muggle-string
    version: 0.2.2
    dev: true

  registry.npmmirror.com/nanoid/3.3.6:
    resolution: {integrity: sha512-BGcqMMJuToF7i1rt+2PWSNVnWIkGCU78jBG3RxO/bZlnZPK2Cmi2QaffxGO/2RvWi9sL+FAiRiXMgsyxQ1DIDA==, registry: https://registry.npm.taobao.org/, tarball: https://registry.npmmirror.com/nanoid/-/nanoid-3.3.6.tgz}
    name: nanoid
    version: 3.3.6
    engines: {node: ^10 || ^12 || ^13.7 || ^14 || >=15.0.1}
    hasBin: true

  registry.npmmirror.com/picocolors/1.0.0:
    resolution: {integrity: sha512-1fygroTLlHu66zi26VoTDv8yRgm0Fccecssto+MhsZ0D/DGW2sm8E8AjW7NU5VVTRt5GxbeZ5qBuJr+HyLYkjQ==, registry: https://registry.npm.taobao.org/, tarball: https://registry.npmmirror.com/picocolors/-/picocolors-1.0.0.tgz}
    name: picocolors
    version: 1.0.0

  registry.npmmirror.com/postcss/8.4.23:
    resolution: {integrity: sha512-bQ3qMcpF6A/YjR55xtoTr0jGOlnPOKAIMdOWiv0EIT6HVPEaJiJB4NLljSbiHoC2RX7DN5Uvjtpbg1NPdwv1oA==, registry: https://registry.npm.taobao.org/, tarball: https://registry.npmmirror.com/postcss/-/postcss-8.4.23.tgz}
    name: postcss
    version: 8.4.23
    engines: {node: ^10 || ^12 || >=14}
    dependencies:
      nanoid: registry.npmmirror.com/nanoid/3.3.6
      picocolors: registry.npmmirror.com/picocolors/1.0.0
      source-map-js: registry.npmmirror.com/source-map-js/1.0.2

  registry.npmmirror.com/rollup/3.21.6:
    resolution: {integrity: sha512-SXIICxvxQxR3D4dp/3LDHZIJPC8a4anKMHd4E3Jiz2/JnY+2bEjqrOokAauc5ShGVNFHlEFjBXAXlaxkJqIqSg==, registry: https://registry.npm.taobao.org/, tarball: https://registry.npmmirror.com/rollup/-/rollup-3.21.6.tgz}
    name: rollup
    version: 3.21.6
    engines: {node: '>=14.18.0', npm: '>=8.0.0'}
    hasBin: true
    optionalDependencies:
      fsevents: registry.npmmirror.com/fsevents/2.3.2
    dev: true

  registry.npmmirror.com/semver/7.5.0:
    resolution: {integrity: sha512-+XC0AD/R7Q2mPSRuy2Id0+CGTZ98+8f+KvwirxOKIEyid+XSx6HbC63p+O4IndTHuX5Z+JxQ0TghCkO5Cg/2HA==, registry: https://registry.npm.taobao.org/, tarball: https://registry.npmmirror.com/semver/-/semver-7.5.0.tgz}
    name: semver
    version: 7.5.0
    engines: {node: '>=10'}
    hasBin: true
    dependencies:
      lru-cache: registry.npmmirror.com/lru-cache/6.0.0
    dev: true

  registry.npmmirror.com/source-map-js/1.0.2:
    resolution: {integrity: sha512-R0XvVJ9WusLiqTCEiGCmICCMplcCkIwwR11mOSD9CR5u+IXYdiseeEuXCVAjS54zqwkLcPNnmU4OeJ6tUrWhDw==, registry: https://registry.npm.taobao.org/, tarball: https://registry.npmmirror.com/source-map-js/-/source-map-js-1.0.2.tgz}
    name: source-map-js
    version: 1.0.2
    engines: {node: '>=0.10.0'}

  registry.npmmirror.com/to-fast-properties/2.0.0:
    resolution: {integrity: sha512-/OaKK0xYrs3DmxRYqL/yDc+FxFUVYhDlXMhRmv3z915w2HF1tnN1omB354j8VUGO/hbRzyD6Y3sA7v7GS/ceog==, registry: https://registry.npm.taobao.org/, tarball: https://registry.npmmirror.com/to-fast-properties/-/to-fast-properties-2.0.0.tgz}
    name: to-fast-properties
    version: 2.0.0
    engines: {node: '>=4'}

  registry.npmmirror.com/typescript/5.0.4:
    resolution: {integrity: sha512-cW9T5W9xY37cc+jfEnaUvX91foxtHkza3Nw3wkoF4sSlKn0MONdkdEndig/qPBWXNkmplh3NzayQzCiHM4/hqw==, registry: https://registry.npm.taobao.org/, tarball: https://registry.npmmirror.com/typescript/-/typescript-5.0.4.tgz}
    name: typescript
    version: 5.0.4
    engines: {node: '>=12.20'}
    hasBin: true
    dev: true

  registry.npmmirror.com/vite/4.3.5:
    resolution: {integrity: sha512-0gEnL9wiRFxgz40o/i/eTBwm+NEbpUeTWhzKrZDSdKm6nplj+z4lKz8ANDgildxHm47Vg8EUia0aicKbawUVVA==, registry: https://registry.npm.taobao.org/, tarball: https://registry.npmmirror.com/vite/-/vite-4.3.5.tgz}
    name: vite
    version: 4.3.5
    engines: {node: ^14.18.0 || >=16.0.0}
    hasBin: true
    peerDependencies:
      '@types/node': '>= 14'
      less: '*'
      sass: '*'
      stylus: '*'
      sugarss: '*'
      terser: ^5.4.0
    peerDependenciesMeta:
      '@types/node':
        optional: true
      less:
        optional: true
      sass:
        optional: true
      stylus:
        optional: true
      sugarss:
        optional: true
      terser:
        optional: true
    dependencies:
      esbuild: registry.npmmirror.com/esbuild/0.17.18
      postcss: registry.npmmirror.com/postcss/8.4.23
      rollup: registry.npmmirror.com/rollup/3.21.6
    optionalDependencies:
      fsevents: registry.npmmirror.com/fsevents/2.3.2
    dev: true

  registry.npmmirror.com/vue-template-compiler/2.7.14:
    resolution: {integrity: sha512-zyA5Y3ArvVG0NacJDkkzJuPQDF8RFeRlzV2vLeSnhSpieO6LK2OVbdLPi5MPPs09Ii+gMO8nY4S3iKQxBxDmWQ==, registry: https://registry.npm.taobao.org/, tarball: https://registry.npmmirror.com/vue-template-compiler/-/vue-template-compiler-2.7.14.tgz}
    name: vue-template-compiler
    version: 2.7.14
    dependencies:
      de-indent: registry.npmmirror.com/de-indent/1.0.2
      he: registry.npmmirror.com/he/1.2.0
    dev: true

  registry.npmmirror.com/vue-tsc/1.6.4_typescript@5.0.4:
    resolution: {integrity: sha512-8rg8S1AhRJ6/WriENQEhyqH5wsxSxuD5iaD+QnkZn2ArZ6evlhqfBAIcVN8mfSyCV9DeLkQXkOSv/MaeJiJPAQ==, registry: https://registry.npm.taobao.org/, tarball: https://registry.npmmirror.com/vue-tsc/-/vue-tsc-1.6.4.tgz}
    id: registry.npmmirror.com/vue-tsc/1.6.4
    name: vue-tsc
    version: 1.6.4
    hasBin: true
    peerDependencies:
      typescript: '*'
    dependencies:
      '@volar/vue-language-core': registry.npmmirror.com/@volar/vue-language-core/1.6.4
      '@volar/vue-typescript': registry.npmmirror.com/@volar/vue-typescript/1.6.4_typescript@5.0.4
      semver: registry.npmmirror.com/semver/7.5.0
      typescript: registry.npmmirror.com/typescript/5.0.4
    dev: true

  registry.npmmirror.com/vue/3.3.1:
    resolution: {integrity: sha512-3Rwy4I5idbPVSDZu6I+fFh6tdDSZbauImCTqLxE7y0LpHtiDvPeY01OI7RkFPbva1nk4hoO0sv/NzosH2h60sg==, registry: https://registry.npm.taobao.org/, tarball: https://registry.npmmirror.com/vue/-/vue-3.3.1.tgz}
    name: vue
    version: 3.3.1
    dependencies:
      '@vue/compiler-dom': registry.npmmirror.com/@vue/compiler-dom/3.3.1
      '@vue/compiler-sfc': registry.npmmirror.com/@vue/compiler-sfc/3.3.1
      '@vue/runtime-dom': registry.npmmirror.com/@vue/runtime-dom/3.3.1
      '@vue/server-renderer': registry.npmmirror.com/@vue/server-renderer/3.3.1_vue@3.3.1
      '@vue/shared': registry.npmmirror.com/@vue/shared/3.3.1

  registry.npmmirror.com/yallist/4.0.0:
    resolution: {integrity: sha512-3wdGidZyq5PB084XLES5TpOSRA3wjXAlIWMhum2kRcv/41Sn2emQ0dycQW4uZXLejwKvg6EsvbdlVL+FYEct7A==, registry: https://registry.npm.taobao.org/, tarball: https://registry.npmmirror.com/yallist/-/yallist-4.0.0.tgz}
    name: yallist
    version: 4.0.0
    dev: true
